{
  "name": "hm-workflows",
  "version": "0.1.7",
  "lockfileVersion": 1,
  "requires": true,
  "dependencies": {
    "dynamic-public-path-webpack-plugin": {
      "version": "1.0.4",
      "resolved": "https://registry.npmjs.org/dynamic-public-path-webpack-plugin/-/dynamic-public-path-webpack-plugin-1.0.4.tgz",
      "integrity": "sha1-5UUbG3AOhF8qQAnd96mo7byZRSc=",
      "dev": true
    }
  }
}
